{
  "name": "react-navigation-collapsible",
  "version": "0.1.2",
  "lockfileVersion": 1,
  "requires": true,
  "dependencies": {
    "hoist-non-react-statics": {
      "version": "3.0.1",
      "resolved": "https://registry.npmjs.org/hoist-non-react-statics/-/hoist-non-react-statics-3.0.1.tgz",
      "integrity": "sha512-1kXwPsOi0OGQIZNVMPvgWJ9tSnGMiMfJdihqEzrPEXlHOBh9AAHXX/QYmAJTXztnz/K+PQ8ryCb4eGaN6HlGbQ==",
      "requires": {
        "react-is": "^16.3.2"
      }
    },
    "react-is": {
      "version": "16.4.2",
      "resolved": "https://registry.npmjs.org/react-is/-/react-is-16.4.2.tgz",
      "integrity": "sha512-rI3cGFj/obHbBz156PvErrS5xc6f1eWyTwyV4mo0vF2lGgXgS+mm7EKD5buLJq6jNgIagQescGSVG2YzgXt8Yg=="
    },
    "react-native-safe-area-view": {
      "version": "0.9.0",
      "resolved": "https://registry.npmjs.org/react-native-safe-area-view/-/react-native-safe-area-view-0.9.0.tgz",
      "integrity": "sha512-y792ScHMzvgwquxL869S9CER4dwiFu/TuCiXdy0xBtygmScMK4eWonnUT65LvOrsSSdr8o6XEK1mbI51h6ozvQ==",
      "requires": {
        "hoist-non-react-statics": "^2.3.1"
      },
      "dependencies": {
        "hoist-non-react-statics": {
          "version": "2.5.5",
          "resolved": "https://registry.npmjs.org/hoist-non-react-statics/-/hoist-non-react-statics-2.5.5.tgz",
          "integrity": "sha512-rqcy4pJo55FTTLWt+bU8ukscqHeE/e9KWvsOW2b/a3afxQZhwkQdT1rPPCJ0rYXdj4vNcasY8zHTH+jF/qStxw=="
        }
      }
    }
  }
}
